
Microsoft Visual Studio Solution File, Format Version 12.00
# Visual Studio Version 17
VisualStudioVersion = 17.4.33103.184
MinimumVisualStudioVersion = 10.0.40219.1
Project("{FAE04EC0-301F-11D3-BF4B-00C04F79EFBC}") = "IfKThenX", "IfKThenX.csproj", "{77593899-3F44-4476-91A4-D1DA14D5FA87}"
EndProject
Global
	GlobalSection(SolutionConfigurationPlatforms) = preSolution
		Debug|Any CPU = Debug|Any CPU
		Release|Any CPU = Release|Any CPU
	EndGlobalSection
	GlobalSection(ProjectConfigurationPlatforms) = postSolution
		{77593899-3F44-4476-91A4-D1DA14D5FA87}.Debug|Any CPU.ActiveCfg = Debug|Any CPU
		{77593899-3F44-4476-91A4-D1DA14D5FA87}.Debug|Any CPU.Build.0 = Debug|Any CPU
		{77593899-3F44-4476-91A4-D1DA14D5FA87}.Release|Any CPU.ActiveCfg = Release|Any CPU
		{77593899-3F44-4476-91A4-D1DA14D5FA87}.Release|Any CPU.Build.0 = Release|Any CPU
	EndGlobalSection
	GlobalSection(SolutionProperties) = preSolution
		HideSolutionNode = FALSE
	EndGlobalSection
	GlobalSection(ExtensibilityGlobals) = postSolution
		SolutionGuid = {83F9E8AA-E05A-4514-B57C-FACDCD7F9DBE}
	EndGlobalSection
EndGlobal
